
Microsoft Visual Studio Solution File, Format Version 12.00
# Visual Studio Version 17
VisualStudioVersion = 17.5.33414.496
MinimumVisualStudioVersion = 10.0.40219.1
Project("{FAE04EC0-301F-11D3-BF4B-00C04F79EFBC}") = "IndustryConnect2023", "IndustryConnect2023\IndustryConnect2023.csproj", "{937C9ED2-77F1-4CBC-B3AF-98636517F744}"
EndProject
Global
	GlobalSection(SolutionConfigurationPlatforms) = preSolution
		Debug|Any CPU = Debug|Any CPU
		Release|Any CPU = Release|Any CPU
	EndGlobalSection
	GlobalSection(ProjectConfigurationPlatforms) = postSolution
		{937C9ED2-77F1-4CBC-B3AF-98636517F744}.Debug|Any CPU.ActiveCfg = Debug|Any CPU
		{937C9ED2-77F1-4CBC-B3AF-98636517F744}.Debug|Any CPU.Build.0 = Debug|Any CPU
		{937C9ED2-77F1-4CBC-B3AF-98636517F744}.Release|Any CPU.ActiveCfg = Release|Any CPU
		{937C9ED2-77F1-4CBC-B3AF-98636517F744}.Release|Any CPU.Build.0 = Release|Any CPU
	EndGlobalSection
	GlobalSection(SolutionProperties) = preSolution
		HideSolutionNode = FALSE
	EndGlobalSection
	GlobalSection(ExtensibilityGlobals) = postSolution
		SolutionGuid = {53426D38-D93A-48B9-BD15-B52DC591E116}
	EndGlobalSection
EndGlobal
